
Microsoft Visual Studio Solution File, Format Version 12.00
# Visual Studio 15
VisualStudioVersion = 15.0.26124.0
MinimumVisualStudioVersion = 15.0.26124.0
Project("{9A19103F-16F7-4668-BE54-9A1E7A4F7556}") = "OutVariables", "OutVariables\OutVariables.csproj", "{A2742D67-2E18-417A-8ABC-10192B13B776}"
EndProject
Project("{9A19103F-16F7-4668-BE54-9A1E7A4F7556}") = "Tuples", "Tuples\Tuples.csproj", "{102260E3-9F25-4201-82DA-D513C9AABE42}"
EndProject
Project("{9A19103F-16F7-4668-BE54-9A1E7A4F7556}") = "PatternMatching", "PatternMatching\PatternMatching.csproj", "{E4D27549-85A3-4C47-A263-43CB9FA16EAC}"
EndProject
Project("{9A19103F-16F7-4668-BE54-9A1E7A4F7556}") = "Discards", "discards\Discards.csproj", "{48B8A794-6B10-4107-A7E3-73372CEEB38F}"
EndProject
Project("{9A19103F-16F7-4668-BE54-9A1E7A4F7556}") = "LocalFunctions", "LocalFunctions\LocalFunctions.csproj", "{CE69EC6A-6963-4E9D-9946-FD6E9CA947CF}"
EndProject
Project("{9A19103F-16F7-4668-BE54-9A1E7A4F7556}") = "RefReturn", "RefReturn\RefReturn.csproj", "{0419D5DC-D452-43EC-8360-C76B2220C622}"
EndProject
Project("{FAE04EC0-301F-11D3-BF4B-00C04F79EFBC}") = "PatternMatchingGenerics", "PatternMatchingGenerics\PatternMatchingGenerics.csproj", "{776EF03D-7C04-4404-A4A4-FD45CEAAF8D4}"
EndProject
Project("{FAE04EC0-301F-11D3-BF4B-00C04F79EFBC}") = "DefaultValues", "DefaultValues\DefaultValues.csproj", "{4365872D-47CB-4363-AADD-698A55B78F73}"
EndProject
Project("{FAE04EC0-301F-11D3-BF4B-00C04F79EFBC}") = "72RefEnhancements", "72RefEnhancements\72RefEnhancements.csproj", "{FAFBD9B0-A507-4E0C-A0FC-D1E3FA820B5A}"
EndProject
Global
	GlobalSection(SolutionConfigurationPlatforms) = preSolution
		Debug|Any CPU = Debug|Any CPU
		Debug|x64 = Debug|x64
		Debug|x86 = Debug|x86
		Release|Any CPU = Release|Any CPU
		Release|x64 = Release|x64
		Release|x86 = Release|x86
	EndGlobalSection
	GlobalSection(ProjectConfigurationPlatforms) = postSolution
		{A2742D67-2E18-417A-8ABC-10192B13B776}.Debug|Any CPU.ActiveCfg = Debug|Any CPU
		{A2742D67-2E18-417A-8ABC-10192B13B776}.Debug|Any CPU.Build.0 = Debug|Any CPU
		{A2742D67-2E18-417A-8ABC-10192B13B776}.Debug|x64.ActiveCfg = Debug|Any CPU
		{A2742D67-2E18-417A-8ABC-10192B13B776}.Debug|x64.Build.0 = Debug|Any CPU
		{A2742D67-2E18-417A-8ABC-10192B13B776}.Debug|x86.ActiveCfg = Debug|Any CPU
		{A2742D67-2E18-417A-8ABC-10192B13B776}.Debug|x86.Build.0 = Debug|Any CPU
		{A2742D67-2E18-417A-8ABC-10192B13B776}.Release|Any CPU.ActiveCfg = Release|Any CPU
		{A2742D67-2E18-417A-8ABC-10192B13B776}.Release|Any CPU.Build.0 = Release|Any CPU
		{A2742D67-2E18-417A-8ABC-10192B13B776}.Release|x64.ActiveCfg = Release|Any CPU
		{A2742D67-2E18-417A-8ABC-10192B13B776}.Release|x64.Build.0 = Release|Any CPU
		{A2742D67-2E18-417A-8ABC-10192B13B776}.Release|x86.ActiveCfg = Release|Any CPU
		{A2742D67-2E18-417A-8ABC-10192B13B776}.Release|x86.Build.0 = Release|Any CPU
		{102260E3-9F25-4201-82DA-D513C9AABE42}.Debug|Any CPU.ActiveCfg = Debug|Any CPU
		{102260E3-9F25-4201-82DA-D513C9AABE42}.Debug|Any CPU.Build.0 = Debug|Any CPU
		{102260E3-9F25-4201-82DA-D513C9AABE42}.Debug|x64.ActiveCfg = Debug|Any CPU
		{102260E3-9F25-4201-82DA-D513C9AABE42}.Debug|x64.Build.0 = Debug|Any CPU
		{102260E3-9F25-4201-82DA-D513C9AABE42}.Debug|x86.ActiveCfg = Debug|Any CPU
		{102260E3-9F25-4201-82DA-D513C9AABE42}.Debug|x86.Build.0 = Debug|Any CPU
		{102260E3-9F25-4201-82DA-D513C9AABE42}.Release|Any CPU.ActiveCfg = Release|Any CPU
		{102260E3-9F25-4201-82DA-D513C9AABE42}.Release|Any CPU.Build.0 = Release|Any CPU
		{102260E3-9F25-4201-82DA-D513C9AABE42}.Release|x64.ActiveCfg = Release|Any CPU
		{102260E3-9F25-4201-82DA-D513C9AABE42}.Release|x64.Build.0 = Release|Any CPU
		{102260E3-9F25-4201-82DA-D513C9AABE42}.Release|x86.ActiveCfg = Release|Any CPU
		{102260E3-9F25-4201-82DA-D513C9AABE42}.Release|x86.Build.0 = Release|Any CPU
		{E4D27549-85A3-4C47-A263-43CB9FA16EAC}.Debug|Any CPU.ActiveCfg = Debug|Any CPU
		{E4D27549-85A3-4C47-A263-43CB9FA16EAC}.Debug|Any CPU.Build.0 = Debug|Any CPU
		{E4D27549-85A3-4C47-A263-43CB9FA16EAC}.Debug|x64.ActiveCfg = Debug|Any CPU
		{E4D27549-85A3-4C47-A263-43CB9FA16EAC}.Debug|x64.Build.0 = Debug|Any CPU
		{E4D27549-85A3-4C47-A263-43CB9FA16EAC}.Debug|x86.ActiveCfg = Debug|Any CPU
		{E4D27549-85A3-4C47-A263-43CB9FA16EAC}.Debug|x86.Build.0 = Debug|Any CPU
		{E4D27549-85A3-4C47-A263-43CB9FA16EAC}.Release|Any CPU.ActiveCfg = Release|Any CPU
		{E4D27549-85A3-4C47-A263-43CB9FA16EAC}.Release|Any CPU.Build.0 = Release|Any CPU
		{E4D27549-85A3-4C47-A263-43CB9FA16EAC}.Release|x64.ActiveCfg = Release|Any CPU
		{E4D27549-85A3-4C47-A263-43CB9FA16EAC}.Release|x64.Build.0 = Release|Any CPU
		{E4D27549-85A3-4C47-A263-43CB9FA16EAC}.Release|x86.ActiveCfg = Release|Any CPU
		{E4D27549-85A3-4C47-A263-43CB9FA16EAC}.Release|x86.Build.0 = Release|Any CPU
		{48B8A794-6B10-4107-A7E3-73372CEEB38F}.Debug|Any CPU.ActiveCfg = Debug|Any CPU
		{48B8A794-6B10-4107-A7E3-73372CEEB38F}.Debug|Any CPU.Build.0 = Debug|Any CPU
		{48B8A794-6B10-4107-A7E3-73372CEEB38F}.Debug|x64.ActiveCfg = Debug|Any CPU
		{48B8A794-6B10-4107-A7E3-73372CEEB38F}.Debug|x64.Build.0 = Debug|Any CPU
		{48B8A794-6B10-4107-A7E3-73372CEEB38F}.Debug|x86.ActiveCfg = Debug|Any CPU
		{48B8A794-6B10-4107-A7E3-73372CEEB38F}.Debug|x86.Build.0 = Debug|Any CPU
		{48B8A794-6B10-4107-A7E3-73372CEEB38F}.Release|Any CPU.ActiveCfg = Release|Any CPU
		{48B8A794-6B10-4107-A7E3-73372CEEB38F}.Release|Any CPU.Build.0 = Release|Any CPU
		{48B8A794-6B10-4107-A7E3-73372CEEB38F}.Release|x64.ActiveCfg = Release|Any CPU
		{48B8A794-6B10-4107-A7E3-73372CEEB38F}.Release|x64.Build.0 = Release|Any CPU
		{48B8A794-6B10-4107-A7E3-73372CEEB38F}.Release|x86.ActiveCfg = Release|Any CPU
		{48B8A794-6B10-4107-A7E3-73372CEEB38F}.Release|x86.Build.0 = Release|Any CPU
		{CE69EC6A-6963-4E9D-9946-FD6E9CA947CF}.Debug|Any CPU.ActiveCfg = Debug|Any CPU
		{CE69EC6A-6963-4E9D-9946-FD6E9CA947CF}.Debug|Any CPU.Build.0 = Debug|Any CPU
		{CE69EC6A-6963-4E9D-9946-FD6E9CA947CF}.Debug|x64.ActiveCfg = Debug|Any CPU
		{CE69EC6A-6963-4E9D-9946-FD6E9CA947CF}.Debug|x64.Build.0 = Debug|Any CPU
		{CE69EC6A-6963-4E9D-9946-FD6E9CA947CF}.Debug|x86.ActiveCfg = Debug|Any CPU
		{CE69EC6A-6963-4E9D-9946-FD6E9CA947CF}.Debug|x86.Build.0 = Debug|Any CPU
		{CE69EC6A-6963-4E9D-9946-FD6E9CA947CF}.Release|Any CPU.ActiveCfg = Release|Any CPU
		{CE69EC6A-6963-4E9D-9946-FD6E9CA947CF}.Release|Any CPU.Build.0 = Release|Any CPU
		{CE69EC6A-6963-4E9D-9946-FD6E9CA947CF}.Release|x64.ActiveCfg = Release|Any CPU
		{CE69EC6A-6963-4E9D-9946-FD6E9CA947CF}.Release|x64.Build.0 = Release|Any CPU
		{CE69EC6A-6963-4E9D-9946-FD6E9CA947CF}.Release|x86.ActiveCfg = Release|Any CPU
		{CE69EC6A-6963-4E9D-9946-FD6E9CA947CF}.Release|x86.Build.0 = Release|Any CPU
		{0419D5DC-D452-43EC-8360-C76B2220C622}.Debug|Any CPU.ActiveCfg = Debug|Any CPU
		{0419D5DC-D452-43EC-8360-C76B2220C622}.Debug|Any CPU.Build.0 = Debug|Any CPU
		{0419D5DC-D452-43EC-8360-C76B2220C622}.Debug|x64.ActiveCfg = Debug|Any CPU
		{0419D5DC-D452-43EC-8360-C76B2220C622}.Debug|x64.Build.0 = Debug|Any CPU
		{0419D5DC-D452-43EC-8360-C76B2220C622}.Debug|x86.ActiveCfg = Debug|Any CPU
		{0419D5DC-D452-43EC-8360-C76B2220C622}.Debug|x86.Build.0 = Debug|Any CPU
		{0419D5DC-D452-43EC-8360-C76B2220C622}.Release|Any CPU.ActiveCfg = Release|Any CPU
		{0419D5DC-D452-43EC-8360-C76B2220C622}.Release|Any CPU.Build.0 = Release|Any CPU
		{0419D5DC-D452-43EC-8360-C76B2220C622}.Release|x64.ActiveCfg = Release|Any CPU
		{0419D5DC-D452-43EC-8360-C76B2220C622}.Release|x64.Build.0 = Release|Any CPU
		{0419D5DC-D452-43EC-8360-C76B2220C622}.Release|x86.ActiveCfg = Release|Any CPU
		{0419D5DC-D452-43EC-8360-C76B2220C622}.Release|x86.Build.0 = Release|Any CPU
		{776EF03D-7C04-4404-A4A4-FD45CEAAF8D4}.Debug|Any CPU.ActiveCfg = Debug|Any CPU
		{776EF03D-7C04-4404-A4A4-FD45CEAAF8D4}.Debug|Any CPU.Build.0 = Debug|Any CPU
		{776EF03D-7C04-4404-A4A4-FD45CEAAF8D4}.Debug|x64.ActiveCfg = Debug|Any CPU
		{776EF03D-7C04-4404-A4A4-FD45CEAAF8D4}.Debug|x64.Build.0 = Debug|Any CPU
		{776EF03D-7C04-4404-A4A4-FD45CEAAF8D4}.Debug|x86.ActiveCfg = Debug|Any CPU
		{776EF03D-7C04-4404-A4A4-FD45CEAAF8D4}.Debug|x86.Build.0 = Debug|Any CPU
		{776EF03D-7C04-4404-A4A4-FD45CEAAF8D4}.Release|Any CPU.ActiveCfg = Release|Any CPU
		{776EF03D-7C04-4404-A4A4-FD45CEAAF8D4}.Release|Any CPU.Build.0 = Release|Any CPU
		{776EF03D-7C04-4404-A4A4-FD45CEAAF8D4}.Release|x64.ActiveCfg = Release|Any CPU
		{776EF03D-7C04-4404-A4A4-FD45CEAAF8D4}.Release|x64.Build.0 = Release|Any CPU
		{776EF03D-7C04-4404-A4A4-FD45CEAAF8D4}.Release|x86.ActiveCfg = Release|Any CPU
		{776EF03D-7C04-4404-A4A4-FD45CEAAF8D4}.Release|x86.Build.0 = Release|Any CPU
		{4365872D-47CB-4363-AADD-698A55B78F73}.Debug|Any CPU.ActiveCfg = Debug|Any CPU
		{4365872D-47CB-4363-AADD-698A55B78F73}.Debug|Any CPU.Build.0 = Debug|Any CPU
		{4365872D-47CB-4363-AADD-698A55B78F73}.Debug|x64.ActiveCfg = Debug|Any CPU
		{4365872D-47CB-4363-AADD-698A55B78F73}.Debug|x64.Build.0 = Debug|Any CPU
		{4365872D-47CB-4363-AADD-698A55B78F73}.Debug|x86.ActiveCfg = Debug|Any CPU
		{4365872D-47CB-4363-AADD-698A55B78F73}.Debug|x86.Build.0 = Debug|Any CPU
		{4365872D-47CB-4363-AADD-698A55B78F73}.Release|Any CPU.ActiveCfg = Release|Any CPU
		{4365872D-47CB-4363-AADD-698A55B78F73}.Release|Any CPU.Build.0 = Release|Any CPU
		{4365872D-47CB-4363-AADD-698A55B78F73}.Release|x64.ActiveCfg = Release|Any CPU
		{4365872D-47CB-4363-AADD-698A55B78F73}.Release|x64.Build.0 = Release|Any CPU
		{4365872D-47CB-4363-AADD-698A55B78F73}.Release|x86.ActiveCfg = Release|Any CPU
		{4365872D-47CB-4363-AADD-698A55B78F73}.Release|x86.Build.0 = Release|Any CPU
		{FAFBD9B0-A507-4E0C-A0FC-D1E3FA820B5A}.Debug|Any CPU.ActiveCfg = Debug|Any CPU
		{FAFBD9B0-A507-4E0C-A0FC-D1E3FA820B5A}.Debug|Any CPU.Build.0 = Debug|Any CPU
		{FAFBD9B0-A507-4E0C-A0FC-D1E3FA820B5A}.Debug|x64.ActiveCfg = Debug|Any CPU
		{FAFBD9B0-A507-4E0C-A0FC-D1E3FA820B5A}.Debug|x64.Build.0 = Debug|Any CPU
		{FAFBD9B0-A507-4E0C-A0FC-D1E3FA820B5A}.Debug|x86.ActiveCfg = Debug|Any CPU
		{FAFBD9B0-A507-4E0C-A0FC-D1E3FA820B5A}.Debug|x86.Build.0 = Debug|Any CPU
		{FAFBD9B0-A507-4E0C-A0FC-D1E3FA820B5A}.Release|Any CPU.ActiveCfg = Release|Any CPU
		{FAFBD9B0-A507-4E0C-A0FC-D1E3FA820B5A}.Release|Any CPU.Build.0 = Release|Any CPU
		{FAFBD9B0-A507-4E0C-A0FC-D1E3FA820B5A}.Release|x64.ActiveCfg = Release|Any CPU
		{FAFBD9B0-A507-4E0C-A0FC-D1E3FA820B5A}.Release|x64.Build.0 = Release|Any CPU
		{FAFBD9B0-A507-4E0C-A0FC-D1E3FA820B5A}.Release|x86.ActiveCfg = Release|Any CPU
		{FAFBD9B0-A507-4E0C-A0FC-D1E3FA820B5A}.Release|x86.Build.0 = Release|Any CPU
	EndGlobalSection
	GlobalSection(SolutionProperties) = preSolution
		HideSolutionNode = FALSE
	EndGlobalSection
	GlobalSection(ExtensibilityGlobals) = postSolution
		SolutionGuid = {F1BE9879-EC77-4E0D-8509-F34EDCDAD65A}
	EndGlobalSection
EndGlobal
